// !$*UTF8*$!
{
	archiveVersion = 1;
	classes = {
	};
	objectVersion = 46;
	objects = {

/* Begin PBXBuildFile section */
		DD050FD21A2AAB77009F601E /* DateSwiftPicker.swift in Sources */ = {isa = PBXBuildFile; fileRef = DD050FD11A2AAB77009F601E /* DateSwiftPicker.swift */; };
		DD050FD41A2AAB9E009F601E /* NumericUnitSwiftPicker.swift in Sources */ = {isa = PBXBuildFile; fileRef = DD050FD31A2AAB9E009F601E /* NumericUnitSwiftPicker.swift */; };
		DD050FD61A2AABB0009F601E /* LocaleSwiftPicker.swift in Sources */ = {isa = PBXBuildFile; fileRef = DD050FD51A2AABB0009F601E /* LocaleSwiftPicker.swift */; };
		DD050FD81A2AABC0009F601E /* FontSwiftPicker.swift in Sources */ = {isa = PBXBuildFile; fileRef = DD050FD71A2AABC0009F601E /* FontSwiftPicker.swift */; };
		DD050FDA1A2AABE6009F601E /* CustomSwiftPicker.swift in Sources */ = {isa = PBXBuildFile; fileRef = DD050FD91A2AABE6009F601E /* CustomSwiftPicker.swift */; };
		DDC84CC81A293FE800040F0F /* AppDelegate.swift in Sources */ = {isa = PBXBuildFile; fileRef = DDC84CC71A293FE800040F0F /* AppDelegate.swift */; };
		DDC84CCA1A293FE800040F0F /* ViewController.swift in Sources */ = {isa = PBXBuildFile; fileRef = DDC84CC91A293FE800040F0F /* ViewController.swift */; };
		DDC84CCD1A293FE800040F0F /* Main.storyboard in Resources */ = {isa = PBXBuildFile; fileRef = DDC84CCB1A293FE800040F0F /* Main.storyboard */; };
		DDC84CCF1A293FE800040F0F /* Images.xcassets in Resources */ = {isa = PBXBuildFile; fileRef = DDC84CCE1A293FE800040F0F /* Images.xcassets */; };
		DDC84CD21A293FE800040F0F /* LaunchScreen.xib in Resources */ = {isa = PBXBuildFile; fileRef = DDC84CD01A293FE800040F0F /* LaunchScreen.xib */; };
		DDC84CE91A2941E600040F0F /* BaseSwiftPicker.swift in Sources */ = {isa = PBXBuildFile; fileRef = DDC84CE81A2941E600040F0F /* BaseSwiftPicker.swift */; };
		DDC84CED1A296C4F00040F0F /* UIDevice-Extras.swift in Sources */ = {isa = PBXBuildFile; fileRef = DDC84CEC1A296C4F00040F0F /* UIDevice-Extras.swift */; };
		DDC84CEF1A29AA8200040F0F /* StringSwiftPicker.swift in Sources */ = {isa = PBXBuildFile; fileRef = DDC84CEE1A29AA8200040F0F /* StringSwiftPicker.swift */; };
/* End PBXBuildFile section */

/* Begin PBXFileReference section */
		DD050FD11A2AAB77009F601E /* DateSwiftPicker.swift */ = {isa = PBXFileReference; fileEncoding = 4; lastKnownFileType = sourcecode.swift; path = DateSwiftPicker.swift; sourceTree = "<group>"; };
		DD050FD31A2AAB9E009F601E /* NumericUnitSwiftPicker.swift */ = {isa = PBXFileReference; fileEncoding = 4; lastKnownFileType = sourcecode.swift; path = NumericUnitSwiftPicker.swift; sourceTree = "<group>"; };
		DD050FD51A2AABB0009F601E /* LocaleSwiftPicker.swift */ = {isa = PBXFileReference; fileEncoding = 4; lastKnownFileType = sourcecode.swift; path = LocaleSwiftPicker.swift; sourceTree = "<group>"; };
		DD050FD71A2AABC0009F601E /* FontSwiftPicker.swift */ = {isa = PBXFileReference; fileEncoding = 4; lastKnownFileType = sourcecode.swift; path = FontSwiftPicker.swift; sourceTree = "<group>"; };
		DD050FD91A2AABE6009F601E /* CustomSwiftPicker.swift */ = {isa = PBXFileReference; fileEncoding = 4; lastKnownFileType = sourcecode.swift; path = CustomSwiftPicker.swift; sourceTree = "<group>"; };
		DDC84CC21A293FE800040F0F /* PickersSample.app */ = {isa = PBXFileReference; explicitFileType = wrapper.application; includeInIndex = 0; path = PickersSample.app; sourceTree = BUILT_PRODUCTS_DIR; };
		DDC84CC61A293FE800040F0F /* Info.plist */ = {isa = PBXFileReference; lastKnownFileType = text.plist.xml; path = Info.plist; sourceTree = "<group>"; };
		DDC84CC71A293FE800040F0F /* AppDelegate.swift */ = {isa = PBXFileReference; lastKnownFileType = sourcecode.swift; path = AppDelegate.swift; sourceTree = "<group>"; };
		DDC84CC91A293FE800040F0F /* ViewController.swift */ = {isa = PBXFileReference; lastKnownFileType = sourcecode.swift; path = ViewController.swift; sourceTree = "<group>"; };
		DDC84CCC1A293FE800040F0F /* Base */ = {isa = PBXFileReference; lastKnownFileType = file.storyboard; name = Base; path = Base.lproj/Main.storyboard; sourceTree = "<group>"; };
		DDC84CCE1A293FE800040F0F /* Images.xcassets */ = {isa = PBXFileReference; lastKnownFileType = folder.assetcatalog; path = Images.xcassets; sourceTree = "<group>"; };
		DDC84CD11A293FE800040F0F /* Base */ = {isa = PBXFileReference; lastKnownFileType = file.xib; name = Base; path = Base.lproj/LaunchScreen.xib; sourceTree = "<group>"; };
		DDC84CE81A2941E600040F0F /* BaseSwiftPicker.swift */ = {isa = PBXFileReference; fileEncoding = 4; lastKnownFileType = sourcecode.swift; path = BaseSwiftPicker.swift; sourceTree = "<group>"; };
		DDC84CEC1A296C4F00040F0F /* UIDevice-Extras.swift */ = {isa = PBXFileReference; fileEncoding = 4; lastKnownFileType = sourcecode.swift; path = "UIDevice-Extras.swift"; sourceTree = "<group>"; };
		DDC84CEE1A29AA8200040F0F /* StringSwiftPicker.swift */ = {isa = PBXFileReference; fileEncoding = 4; lastKnownFileType = sourcecode.swift; path = StringSwiftPicker.swift; sourceTree = "<group>"; };
/* End PBXFileReference section */

/* Begin PBXFrameworksBuildPhase section */
		DDC84CBF1A293FE800040F0F /* Frameworks */ = {
			isa = PBXFrameworksBuildPhase;
			buildActionMask = 2147483647;
			files = (
			);
			runOnlyForDeploymentPostprocessing = 0;
		};
/* End PBXFrameworksBuildPhase section */

/* Begin PBXGroup section */
		DDC84CB91A293FE800040F0F = {
			isa = PBXGroup;
			children = (
				DDC84CC41A293FE800040F0F /* PickersSample */,
				DDC84CE71A29409700040F0F /* SwiftPickers */,
				DDC84CC31A293FE800040F0F /* Products */,
			);
			sourceTree = "<group>";
		};
		DDC84CC31A293FE800040F0F /* Products */ = {
			isa = PBXGroup;
			children = (
				DDC84CC21A293FE800040F0F /* PickersSample.app */,
			);
			name = Products;
			sourceTree = "<group>";
		};
		DDC84CC41A293FE800040F0F /* PickersSample */ = {
			isa = PBXGroup;
			children = (
				DDC84CC71A293FE800040F0F /* AppDelegate.swift */,
				DDC84CC91A293FE800040F0F /* ViewController.swift */,
				DDC84CCB1A293FE800040F0F /* Main.storyboard */,
				DDC84CCE1A293FE800040F0F /* Images.xcassets */,
				DDC84CD01A293FE800040F0F /* LaunchScreen.xib */,
				DDC84CC51A293FE800040F0F /* Supporting Files */,
			);
			path = PickersSample;
			sourceTree = "<group>";
		};
		DDC84CC51A293FE800040F0F /* Supporting Files */ = {
			isa = PBXGroup;
			children = (
				DDC84CC61A293FE800040F0F /* Info.plist */,
			);
			name = "Supporting Files";
			sourceTree = "<group>";
		};
		DDC84CE71A29409700040F0F /* SwiftPickers */ = {
			isa = PBXGroup;
			children = (
				DDC84CE81A2941E600040F0F /* BaseSwiftPicker.swift */,
				DDC84CEC1A296C4F00040F0F /* UIDevice-Extras.swift */,
				DDC84CEE1A29AA8200040F0F /* StringSwiftPicker.swift */,
				DD050FD11A2AAB77009F601E /* DateSwiftPicker.swift */,
				DD050FD31A2AAB9E009F601E /* NumericUnitSwiftPicker.swift */,
				DD050FD51A2AABB0009F601E /* LocaleSwiftPicker.swift */,
				DD050FD71A2AABC0009F601E /* FontSwiftPicker.swift */,
				DD050FD91A2AABE6009F601E /* CustomSwiftPicker.swift */,
			);
			name = SwiftPickers;
			path = ../SwiftPickers;
			sourceTree = "<group>";
		};
/* End PBXGroup section */

/* Begin PBXNativeTarget section */
		DDC84CC11A293FE800040F0F /* PickersSample */ = {
			isa = PBXNativeTarget;
			buildConfigurationList = DDC84CE11A293FE800040F0F /* Build configuration list for PBXNativeTarget "PickersSample" */;
			buildPhases = (
				DDC84CBE1A293FE800040F0F /* Sources */,
				DDC84CBF1A293FE800040F0F /* Frameworks */,
				DDC84CC01A293FE800040F0F /* Resources */,
			);
			buildRules = (
			);
			dependencies = (
			);
			name = PickersSample;
			productName = PickersSample;
			productReference = DDC84CC21A293FE800040F0F /* PickersSample.app */;
			productType = "com.apple.product-type.application";
		};
/* End PBXNativeTarget section */

/* Begin PBXProject section */
		DDC84CBA1A293FE800040F0F /* Project object */ = {
			isa = PBXProject;
			attributes = {
				LastUpgradeCheck = 0610;
				ORGANIZATIONNAME = "RookSoft Ltd.";
				TargetAttributes = {
					DDC84CC11A293FE800040F0F = {
						CreatedOnToolsVersion = 6.1;
					};
				};
			};
			buildConfigurationList = DDC84CBD1A293FE800040F0F /* Build configuration list for PBXProject "PickersSample" */;
			compatibilityVersion = "Xcode 3.2";
			developmentRegion = English;
			hasScannedForEncodings = 0;
			knownRegions = (
				en,
				Base,
			);
			mainGroup = DDC84CB91A293FE800040F0F;
			productRefGroup = DDC84CC31A293FE800040F0F /* Products */;
			projectDirPath = "";
			projectRoot = "";
			targets = (
				DDC84CC11A293FE800040F0F /* PickersSample */,
			);
		};
/* End PBXProject section */

/* Begin PBXResourcesBuildPhase section */
		DDC84CC01A293FE800040F0F /* Resources */ = {
			isa = PBXResourcesBuildPhase;
			buildActionMask = 2147483647;
			files = (
				DDC84CCD1A293FE800040F0F /* Main.storyboard in Resources */,
				DDC84CD21A293FE800040F0F /* LaunchScreen.xib in Resources */,
				DDC84CCF1A293FE800040F0F /* Images.xcassets in Resources */,
			);
			runOnlyForDeploymentPostprocessing = 0;
		};
/* End PBXResourcesBuildPhase section */

/* Begin PBXSourcesBuildPhase section */
		DDC84CBE1A293FE800040F0F /* Sources */ = {
			isa = PBXSourcesBuildPhase;
			buildActionMask = 2147483647;
			files = (
				DD050FDA1A2AABE6009F601E /* CustomSwiftPicker.swift in Sources */,
				DDC84CE91A2941E600040F0F /* BaseSwiftPicker.swift in Sources */,
				DD050FD41A2AAB9E009F601E /* NumericUnitSwiftPicker.swift in Sources */,
				DDC84CCA1A293FE800040F0F /* ViewController.swift in Sources */,
				DDC84CEF1A29AA8200040F0F /* StringSwiftPicker.swift in Sources */,
				DDC84CC81A293FE800040F0F /* AppDelegate.swift in Sources */,
				DD050FD61A2AABB0009F601E /* LocaleSwiftPicker.swift in Sources */,
				DDC84CED1A296C4F00040F0F /* UIDevice-Extras.swift in Sources */,
				DD050FD21A2AAB77009F601E /* DateSwiftPicker.swift in Sources */,
				DD050FD81A2AABC0009F601E /* FontSwiftPicker.swift in Sources */,
			);
			runOnlyForDeploymentPostprocessing = 0;
		};
/* End PBXSourcesBuildPhase section */

/* Begin PBXVariantGroup section */
		DDC84CCB1A293FE800040F0F /* Main.storyboard */ = {
			isa = PBXVariantGroup;
			children = (
				DDC84CCC1A293FE800040F0F /* Base */,
			);
			name = Main.storyboard;
			sourceTree = "<group>";
		};
		DDC84CD01A293FE800040F0F /* LaunchScreen.xib */ = {
			isa = PBXVariantGroup;
			children = (
				DDC84CD11A293FE800040F0F /* Base */,
			);
			name = LaunchScreen.xib;
			sourceTree = "<group>";
		};
/* End PBXVariantGroup section */

/* Begin XCBuildConfiguration section */
		DDC84CDF1A293FE800040F0F /* Debug */ = {
			isa = XCBuildConfiguration;
			buildSettings = {
				ALWAYS_SEARCH_USER_PATHS = NO;
				CLANG_CXX_LANGUAGE_STANDARD = "gnu++0x";
				CLANG_CXX_LIBRARY = "libc++";
				CLANG_ENABLE_MODULES = YES;
				CLANG_ENABLE_OBJC_ARC = YES;
				CLANG_WARN_BOOL_CONVERSION = YES;
				CLANG_WARN_CONSTANT_CONVERSION = YES;
				CLANG_WARN_DIRECT_OBJC_ISA_USAGE = YES_ERROR;
				CLANG_WARN_EMPTY_BODY = YES;
				CLANG_WARN_ENUM_CONVERSION = YES;
				CLANG_WARN_INT_CONVERSION = YES;
				CLANG_WARN_OBJC_ROOT_CLASS = YES_ERROR;
				CLANG_WARN_UNREACHABLE_CODE = YES;
				CLANG_WARN__DUPLICATE_METHOD_MATCH = YES;
				"CODE_SIGN_IDENTITY[sdk=iphoneos*]" = "iPhone Developer";
				COPY_PHASE_STRIP = NO;
				ENABLE_STRICT_OBJC_MSGSEND = YES;
				GCC_C_LANGUAGE_STANDARD = gnu99;
				GCC_DYNAMIC_NO_PIC = NO;
				GCC_OPTIMIZATION_LEVEL = 0;
				GCC_PREPROCESSOR_DEFINITIONS = (
					"DEBUG=1",
					"$(inherited)",
				);
				GCC_SYMBOLS_PRIVATE_EXTERN = NO;
				GCC_WARN_64_TO_32_BIT_CONVERSION = YES;
				GCC_WARN_ABOUT_RETURN_TYPE = YES_ERROR;
				GCC_WARN_UNDECLARED_SELECTOR = YES;
				GCC_WARN_UNINITIALIZED_AUTOS = YES_AGGRESSIVE;
				GCC_WARN_UNUSED_FUNCTION = YES;
				GCC_WARN_UNUSED_VARIABLE = YES;
				IPHONEOS_DEPLOYMENT_TARGET = 8.1;
				MTL_ENABLE_DEBUG_INFO = YES;
				ONLY_ACTIVE_ARCH = YES;
				SDKROOT = iphoneos;
				SWIFT_OPTIMIZATION_LEVEL = "-Onone";
				TARGETED_DEVICE_FAMILY = "1,2";
			};
			name = Debug;
		};
		DDC84CE01A293FE800040F0F /* Release */ = {
			isa = XCBuildConfiguration;
			buildSettings = {
				ALWAYS_SEARCH_USER_PATHS = NO;
				CLANG_CXX_LANGUAGE_STANDARD = "gnu++0x";
				CLANG_CXX_LIBRARY = "libc++";
				CLANG_ENABLE_MODULES = YES;
				CLANG_ENABLE_OBJC_ARC = YES;
				CLANG_WARN_BOOL_CONVERSION = YES;
				CLANG_WARN_CONSTANT_CONVERSION = YES;
				CLANG_WARN_DIRECT_OBJC_ISA_USAGE = YES_ERROR;
				CLANG_WARN_EMPTY_BODY = YES;
				CLANG_WARN_ENUM_CONVERSION = YES;
				CLANG_WARN_INT_CONVERSION = YES;
				CLANG_WARN_OBJC_ROOT_CLASS = YES_ERROR;
				CLANG_WARN_UNREACHABLE_CODE = YES;
				CLANG_WARN__DUPLICATE_METHOD_MATCH = YES;
				"CODE_SIGN_IDENTITY[sdk=iphoneos*]" = "iPhone Developer";
				COPY_PHASE_STRIP = YES;
				ENABLE_NS_ASSERTIONS = NO;
				ENABLE_STRICT_OBJC_MSGSEND = YES;
				GCC_C_LANGUAGE_STANDARD = gnu99;
				GCC_WARN_64_TO_32_BIT_CONVERSION = YES;
				GCC_WARN_ABOUT_RETURN_TYPE = YES_ERROR;
				GCC_WARN_UNDECLARED_SELECTOR = YES;
				GCC_WARN_UNINITIALIZED_AUTOS = YES_AGGRESSIVE;
				GCC_WARN_UNUSED_FUNCTION = YES;
				GCC_WARN_UNUSED_VARIABLE = YES;
				IPHONEOS_DEPLOYMENT_TARGET = 8.1;
				MTL_ENABLE_DEBUG_INFO = NO;
				SDKROOT = iphoneos;
				TARGETED_DEVICE_FAMILY = "1,2";
				VALIDATE_PRODUCT = YES;
			};
			name = Release;
		};
		DDC84CE21A293FE800040F0F /* Debug */ = {
			isa = XCBuildConfiguration;
			buildSettings = {
				ASSETCATALOG_COMPILER_APPICON_NAME = AppIcon;
				INFOPLIST_FILE = PickersSample/Info.plist;
				LD_RUNPATH_SEARCH_PATHS = "$(inherited) @executable_path/Frameworks";
				PRODUCT_NAME = "$(TARGET_NAME)";
			};
			name = Debug;
		};
		DDC84CE31A293FE800040F0F /* Release */ = {
			isa = XCBuildConfiguration;
			buildSettings = {
				ASSETCATALOG_COMPILER_APPICON_NAME = AppIcon;
				INFOPLIST_FILE = PickersSample/Info.plist;
				LD_RUNPATH_SEARCH_PATHS = "$(inherited) @executable_path/Frameworks";
				PRODUCT_NAME = "$(TARGET_NAME)";
			};
			name = Release;
		};
/* End XCBuildConfiguration section */

/* Begin XCConfigurationList section */
		DDC84CBD1A293FE800040F0F /* Build configuration list for PBXProject "PickersSample" */ = {
			isa = XCConfigurationList;
			buildConfigurations = (
				DDC84CDF1A293FE800040F0F /* Debug */,
				DDC84CE01A293FE800040F0F /* Release */,
			);
			defaultConfigurationIsVisible = 0;
			defaultConfigurationName = Release;
		};
		DDC84CE11A293FE800040F0F /* Build configuration list for PBXNativeTarget "PickersSample" */ = {
			isa = XCConfigurationList;
			buildConfigurations = (
				DDC84CE21A293FE800040F0F /* Debug */,
				DDC84CE31A293FE800040F0F /* Release */,
			);
			defaultConfigurationIsVisible = 0;
			defaultConfigurationName = Release;
		};
/* End XCConfigurationList section */
	};
	rootObject = DDC84CBA1A293FE800040F0F /* Project object */;
}
